// !$*UTF8*$!
{
	archiveVersion = 1;
	classes = {
	};
	objectVersion = 46;
	objects = {

/* Begin PBXBuildFile section */
		B4F042FE1A3D0AE0009E47EA /* AppDelegate.swift in Sources */ = {isa = PBXBuildFile; fileRef = B4F042FD1A3D0AE0009E47EA /* AppDelegate.swift */; };
		B4F043001A3D0AE0009E47EA /* ViewController.swift in Sources */ = {isa = PBXBuildFile; fileRef = B4F042FF1A3D0AE0009E47EA /* ViewController.swift */; };
		B4F043031A3D0AE0009E47EA /* Main.storyboard in Resources */ = {isa = PBXBuildFile; fileRef = B4F043011A3D0AE0009E47EA /* Main.storyboard */; };
		B4F043051A3D0AE0009E47EA /* Images.xcassets in Resources */ = {isa = PBXBuildFile; fileRef = B4F043041A3D0AE0009E47EA /* Images.xcassets */; };
		B4F043081A3D0AE0009E47EA /* LaunchScreen.xib in Resources */ = {isa = PBXBuildFile; fileRef = B4F043061A3D0AE0009E47EA /* LaunchScreen.xib */; };
		B4F043141A3D0AE1009E47EA /* MyLocationTests.swift in Sources */ = {isa = PBXBuildFile; fileRef = B4F043131A3D0AE1009E47EA /* MyLocationTests.swift */; };
/* End PBXBuildFile section */

/* Begin PBXContainerItemProxy section */
		B4F0430E1A3D0AE1009E47EA /* PBXContainerItemProxy */ = {
			isa = PBXContainerItemProxy;
			containerPortal = B4F042F01A3D0AE0009E47EA /* Project object */;
			proxyType = 1;
			remoteGlobalIDString = B4F042F71A3D0AE0009E47EA;
			remoteInfo = MyLocation;
		};
/* End PBXContainerItemProxy section */

/* Begin PBXFileReference section */
		B4F042F81A3D0AE0009E47EA /* MyLocation.app */ = {isa = PBXFileReference; explicitFileType = wrapper.application; includeInIndex = 0; path = MyLocation.app; sourceTree = BUILT_PRODUCTS_DIR; };
		B4F042FC1A3D0AE0009E47EA /* Info.plist */ = {isa = PBXFileReference; lastKnownFileType = text.plist.xml; path = Info.plist; sourceTree = "<group>"; };
		B4F042FD1A3D0AE0009E47EA /* AppDelegate.swift */ = {isa = PBXFileReference; lastKnownFileType = sourcecode.swift; path = AppDelegate.swift; sourceTree = "<group>"; };
		B4F042FF1A3D0AE0009E47EA /* ViewController.swift */ = {isa = PBXFileReference; lastKnownFileType = sourcecode.swift; path = ViewController.swift; sourceTree = "<group>"; };
		B4F043021A3D0AE0009E47EA /* Base */ = {isa = PBXFileReference; lastKnownFileType = file.storyboard; name = Base; path = Base.lproj/Main.storyboard; sourceTree = "<group>"; };
		B4F043041A3D0AE0009E47EA /* Images.xcassets */ = {isa = PBXFileReference; lastKnownFileType = folder.assetcatalog; path = Images.xcassets; sourceTree = "<group>"; };
		B4F043071A3D0AE0009E47EA /* Base */ = {isa = PBXFileReference; lastKnownFileType = file.xib; name = Base; path = Base.lproj/LaunchScreen.xib; sourceTree = "<group>"; };
		B4F0430D1A3D0AE1009E47EA /* MyLocationTests.xctest */ = {isa = PBXFileReference; explicitFileType = wrapper.cfbundle; includeInIndex = 0; path = MyLocationTests.xctest; sourceTree = BUILT_PRODUCTS_DIR; };
		B4F043121A3D0AE1009E47EA /* Info.plist */ = {isa = PBXFileReference; lastKnownFileType = text.plist.xml; path = Info.plist; sourceTree = "<group>"; };
		B4F043131A3D0AE1009E47EA /* MyLocationTests.swift */ = {isa = PBXFileReference; lastKnownFileType = sourcecode.swift; path = MyLocationTests.swift; sourceTree = "<group>"; };
/* End PBXFileReference section */

/* Begin PBXFrameworksBuildPhase section */
		B4F042F51A3D0AE0009E47EA /* Frameworks */ = {
			isa = PBXFrameworksBuildPhase;
			buildActionMask = 2147483647;
			files = (
			);
			runOnlyForDeploymentPostprocessing = 0;
		};
		B4F0430A1A3D0AE1009E47EA /* Frameworks */ = {
			isa = PBXFrameworksBuildPhase;
			buildActionMask = 2147483647;
			files = (
			);
			runOnlyForDeploymentPostprocessing = 0;
		};
/* End PBXFrameworksBuildPhase section */

/* Begin PBXGroup section */
		B4F042EF1A3D0ADF009E47EA = {
			isa = PBXGroup;
			children = (
				B4F042FA1A3D0AE0009E47EA /* MyLocation */,
				B4F043101A3D0AE1009E47EA /* MyLocationTests */,
				B4F042F91A3D0AE0009E47EA /* Products */,
			);
			sourceTree = "<group>";
		};
		B4F042F91A3D0AE0009E47EA /* Products */ = {
			isa = PBXGroup;
			children = (
				B4F042F81A3D0AE0009E47EA /* MyLocation.app */,
				B4F0430D1A3D0AE1009E47EA /* MyLocationTests.xctest */,
			);
			name = Products;
			sourceTree = "<group>";
		};
		B4F042FA1A3D0AE0009E47EA /* MyLocation */ = {
			isa = PBXGroup;
			children = (
				B4F042FD1A3D0AE0009E47EA /* AppDelegate.swift */,
				B4F042FF1A3D0AE0009E47EA /* ViewController.swift */,
				B4F043011A3D0AE0009E47EA /* Main.storyboard */,
				B4F043041A3D0AE0009E47EA /* Images.xcassets */,
				B4F043061A3D0AE0009E47EA /* LaunchScreen.xib */,
				B4F042FB1A3D0AE0009E47EA /* Supporting Files */,
			);
			path = MyLocation;
			sourceTree = "<group>";
		};
		B4F042FB1A3D0AE0009E47EA /* Supporting Files */ = {
			isa = PBXGroup;
			children = (
				B4F042FC1A3D0AE0009E47EA /* Info.plist */,
			);
			name = "Supporting Files";
			sourceTree = "<group>";
		};
		B4F043101A3D0AE1009E47EA /* MyLocationTests */ = {
			isa = PBXGroup;
			children = (
				B4F043131A3D0AE1009E47EA /* MyLocationTests.swift */,
				B4F043111A3D0AE1009E47EA /* Supporting Files */,
			);
			path = MyLocationTests;
			sourceTree = "<group>";
		};
		B4F043111A3D0AE1009E47EA /* Supporting Files */ = {
			isa = PBXGroup;
			children = (
				B4F043121A3D0AE1009E47EA /* Info.plist */,
			);
			name = "Supporting Files";
			sourceTree = "<group>";
		};
/* End PBXGroup section */

/* Begin PBXNativeTarget section */
		B4F042F71A3D0AE0009E47EA /* MyLocation */ = {
			isa = PBXNativeTarget;
			buildConfigurationList = B4F043171A3D0AE1009E47EA /* Build configuration list for PBXNativeTarget "MyLocation" */;
			buildPhases = (
				B4F042F41A3D0AE0009E47EA /* Sources */,
				B4F042F51A3D0AE0009E47EA /* Frameworks */,
				B4F042F61A3D0AE0009E47EA /* Resources */,
			);
			buildRules = (
			);
			dependencies = (
			);
			name = MyLocation;
			productName = MyLocation;
			productReference = B4F042F81A3D0AE0009E47EA /* MyLocation.app */;
			productType = "com.apple.product-type.application";
		};
		B4F0430C1A3D0AE1009E47EA /* MyLocationTests */ = {
			isa = PBXNativeTarget;
			buildConfigurationList = B4F0431A1A3D0AE1009E47EA /* Build configuration list for PBXNativeTarget "MyLocationTests" */;
			buildPhases = (
				B4F043091A3D0AE1009E47EA /* Sources */,
				B4F0430A1A3D0AE1009E47EA /* Frameworks */,
				B4F0430B1A3D0AE1009E47EA /* Resources */,
			);
			buildRules = (
			);
			dependencies = (
				B4F0430F1A3D0AE1009E47EA /* PBXTargetDependency */,
			);
			name = MyLocationTests;
			productName = MyLocationTests;
			productReference = B4F0430D1A3D0AE1009E47EA /* MyLocationTests.xctest */;
			productType = "com.apple.product-type.bundle.unit-test";
		};
/* End PBXNativeTarget section */

/* Begin PBXProject section */
		B4F042F01A3D0AE0009E47EA /* Project object */ = {
			isa = PBXProject;
			attributes = {
				LastUpgradeCheck = 0610;
				ORGANIZATIONNAME = "Snehal Dhadge";
				TargetAttributes = {
					B4F042F71A3D0AE0009E47EA = {
						CreatedOnToolsVersion = 6.1.1;
					};
					B4F0430C1A3D0AE1009E47EA = {
						CreatedOnToolsVersion = 6.1.1;
						TestTargetID = B4F042F71A3D0AE0009E47EA;
					};
				};
			};
			buildConfigurationList = B4F042F31A3D0AE0009E47EA /* Build configuration list for PBXProject "MyLocation" */;
			compatibilityVersion = "Xcode 3.2";
			developmentRegion = English;
			hasScannedForEncodings = 0;
			knownRegions = (
				en,
				Base,
			);
			mainGroup = B4F042EF1A3D0ADF009E47EA;
			productRefGroup = B4F042F91A3D0AE0009E47EA /* Products */;
			projectDirPath = "";
			projectRoot = "";
			targets = (
				B4F042F71A3D0AE0009E47EA /* MyLocation */,
				B4F0430C1A3D0AE1009E47EA /* MyLocationTests */,
			);
		};
/* End PBXProject section */

/* Begin PBXResourcesBuildPhase section */
		B4F042F61A3D0AE0009E47EA /* Resources */ = {
			isa = PBXResourcesBuildPhase;
			buildActionMask = 2147483647;
			files = (
				B4F043031A3D0AE0009E47EA /* Main.storyboard in Resources */,
				B4F043081A3D0AE0009E47EA /* LaunchScreen.xib in Resources */,
				B4F043051A3D0AE0009E47EA /* Images.xcassets in Resources */,
			);
			runOnlyForDeploymentPostprocessing = 0;
		};
		B4F0430B1A3D0AE1009E47EA /* Resources */ = {
			isa = PBXResourcesBuildPhase;
			buildActionMask = 2147483647;
			files = (
			);
			runOnlyForDeploymentPostprocessing = 0;
		};
/* End PBXResourcesBuildPhase section */

/* Begin PBXSourcesBuildPhase section */
		B4F042F41A3D0AE0009E47EA /* Sources */ = {
			isa = PBXSourcesBuildPhase;
			buildActionMask = 2147483647;
			files = (
				B4F043001A3D0AE0009E47EA /* ViewController.swift in Sources */,
				B4F042FE1A3D0AE0009E47EA /* AppDelegate.swift in Sources */,
			);
			runOnlyForDeploymentPostprocessing = 0;
		};
		B4F043091A3D0AE1009E47EA /* Sources */ = {
			isa = PBXSourcesBuildPhase;
			buildActionMask = 2147483647;
			files = (
				B4F043141A3D0AE1009E47EA /* MyLocationTests.swift in Sources */,
			);
			runOnlyForDeploymentPostprocessing = 0;
		};
/* End PBXSourcesBuildPhase section */

/* Begin PBXTargetDependency section */
		B4F0430F1A3D0AE1009E47EA /* PBXTargetDependency */ = {
			isa = PBXTargetDependency;
			target = B4F042F71A3D0AE0009E47EA /* MyLocation */;
			targetProxy = B4F0430E1A3D0AE1009E47EA /* PBXContainerItemProxy */;
		};
/* End PBXTargetDependency section */

/* Begin PBXVariantGroup section */
		B4F043011A3D0AE0009E47EA /* Main.storyboard */ = {
			isa = PBXVariantGroup;
			children = (
				B4F043021A3D0AE0009E47EA /* Base */,
			);
			name = Main.storyboard;
			sourceTree = "<group>";
		};
		B4F043061A3D0AE0009E47EA /* LaunchScreen.xib */ = {
			isa = PBXVariantGroup;
			children = (
				B4F043071A3D0AE0009E47EA /* Base */,
			);
			name = LaunchScreen.xib;
			sourceTree = "<group>";
		};
/* End PBXVariantGroup section */

/* Begin XCBuildConfiguration section */
		B4F043151A3D0AE1009E47EA /* Debug */ = {
			isa = XCBuildConfiguration;
			buildSettings = {
				ALWAYS_SEARCH_USER_PATHS = NO;
				CLANG_CXX_LANGUAGE_STANDARD = "gnu++0x";
				CLANG_CXX_LIBRARY = "libc++";
				CLANG_ENABLE_MODULES = YES;
				CLANG_ENABLE_OBJC_ARC = YES;
				CLANG_WARN_BOOL_CONVERSION = YES;
				CLANG_WARN_CONSTANT_CONVERSION = YES;
				CLANG_WARN_DIRECT_OBJC_ISA_USAGE = YES_ERROR;
				CLANG_WARN_EMPTY_BODY = YES;
				CLANG_WARN_ENUM_CONVERSION = YES;
				CLANG_WARN_INT_CONVERSION = YES;
				CLANG_WARN_OBJC_ROOT_CLASS = YES_ERROR;
				CLANG_WARN_UNREACHABLE_CODE = YES;
				CLANG_WARN__DUPLICATE_METHOD_MATCH = YES;
				"CODE_SIGN_IDENTITY[sdk=iphoneos*]" = "iPhone Developer";
				COPY_PHASE_STRIP = NO;
				ENABLE_STRICT_OBJC_MSGSEND = YES;
				GCC_C_LANGUAGE_STANDARD = gnu99;
				GCC_DYNAMIC_NO_PIC = NO;
				GCC_OPTIMIZATION_LEVEL = 0;
				GCC_PREPROCESSOR_DEFINITIONS = (
					"DEBUG=1",
					"$(inherited)",
				);
				GCC_SYMBOLS_PRIVATE_EXTERN = NO;
				GCC_WARN_64_TO_32_BIT_CONVERSION = YES;
				GCC_WARN_ABOUT_RETURN_TYPE = YES_ERROR;
				GCC_WARN_UNDECLARED_SELECTOR = YES;
				GCC_WARN_UNINITIALIZED_AUTOS = YES_AGGRESSIVE;
				GCC_WARN_UNUSED_FUNCTION = YES;
				GCC_WARN_UNUSED_VARIABLE = YES;
				IPHONEOS_DEPLOYMENT_TARGET = 8.1;
				MTL_ENABLE_DEBUG_INFO = YES;
				ONLY_ACTIVE_ARCH = YES;
				SDKROOT = iphoneos;
				SWIFT_OPTIMIZATION_LEVEL = "-Onone";
			};
			name = Debug;
		};
		B4F043161A3D0AE1009E47EA /* Release */ = {
			isa = XCBuildConfiguration;
			buildSettings = {
				ALWAYS_SEARCH_USER_PATHS = NO;
				CLANG_CXX_LANGUAGE_STANDARD = "gnu++0x";
				CLANG_CXX_LIBRARY = "libc++";
				CLANG_ENABLE_MODULES = YES;
				CLANG_ENABLE_OBJC_ARC = YES;
				CLANG_WARN_BOOL_CONVERSION = YES;
				CLANG_WARN_CONSTANT_CONVERSION = YES;
				CLANG_WARN_DIRECT_OBJC_ISA_USAGE = YES_ERROR;
				CLANG_WARN_EMPTY_BODY = YES;
				CLANG_WARN_ENUM_CONVERSION = YES;
				CLANG_WARN_INT_CONVERSION = YES;
				CLANG_WARN_OBJC_ROOT_CLASS = YES_ERROR;
				CLANG_WARN_UNREACHABLE_CODE = YES;
				CLANG_WARN__DUPLICATE_METHOD_MATCH = YES;
				"CODE_SIGN_IDENTITY[sdk=iphoneos*]" = "iPhone Developer";
				COPY_PHASE_STRIP = YES;
				ENABLE_NS_ASSERTIONS = NO;
				ENABLE_STRICT_OBJC_MSGSEND = YES;
				GCC_C_LANGUAGE_STANDARD = gnu99;
				GCC_WARN_64_TO_32_BIT_CONVERSION = YES;
				GCC_WARN_ABOUT_RETURN_TYPE = YES_ERROR;
				GCC_WARN_UNDECLARED_SELECTOR = YES;
				GCC_WARN_UNINITIALIZED_AUTOS = YES_AGGRESSIVE;
				GCC_WARN_UNUSED_FUNCTION = YES;
				GCC_WARN_UNUSED_VARIABLE = YES;
				IPHONEOS_DEPLOYMENT_TARGET = 8.1;
				MTL_ENABLE_DEBUG_INFO = NO;
				SDKROOT = iphoneos;
				VALIDATE_PRODUCT = YES;
			};
			name = Release;
		};
		B4F043181A3D0AE1009E47EA /* Debug */ = {
			isa = XCBuildConfiguration;
			buildSettings = {
				ASSETCATALOG_COMPILER_APPICON_NAME = AppIcon;
				INFOPLIST_FILE = MyLocation/Info.plist;
				LD_RUNPATH_SEARCH_PATHS = "$(inherited) @executable_path/Frameworks";
				PRODUCT_NAME = "$(TARGET_NAME)";
			};
			name = Debug;
		};
		B4F043191A3D0AE1009E47EA /* Release */ = {
			isa = XCBuildConfiguration;
			buildSettings = {
				ASSETCATALOG_COMPILER_APPICON_NAME = AppIcon;
				INFOPLIST_FILE = MyLocation/Info.plist;
				LD_RUNPATH_SEARCH_PATHS = "$(inherited) @executable_path/Frameworks";
				PRODUCT_NAME = "$(TARGET_NAME)";
			};
			name = Release;
		};
		B4F0431B1A3D0AE1009E47EA /* Debug */ = {
			isa = XCBuildConfiguration;
			buildSettings = {
				BUNDLE_LOADER = "$(TEST_HOST)";
				FRAMEWORK_SEARCH_PATHS = (
					"$(SDKROOT)/Developer/Library/Frameworks",
					"$(inherited)",
				);
				GCC_PREPROCESSOR_DEFINITIONS = (
					"DEBUG=1",
					"$(inherited)",
				);
				INFOPLIST_FILE = MyLocationTests/Info.plist;
				LD_RUNPATH_SEARCH_PATHS = "$(inherited) @executable_path/Frameworks @loader_path/Frameworks";
				PRODUCT_NAME = "$(TARGET_NAME)";
				TEST_HOST = "$(BUILT_PRODUCTS_DIR)/MyLocation.app/MyLocation";
			};
			name = Debug;
		};
		B4F0431C1A3D0AE1009E47EA /* Release */ = {
			isa = XCBuildConfiguration;
			buildSettings = {
				BUNDLE_LOADER = "$(TEST_HOST)";
				FRAMEWORK_SEARCH_PATHS = (
					"$(SDKROOT)/Developer/Library/Frameworks",
					"$(inherited)",
				);
				INFOPLIST_FILE = MyLocationTests/Info.plist;
				LD_RUNPATH_SEARCH_PATHS = "$(inherited) @executable_path/Frameworks @loader_path/Frameworks";
				PRODUCT_NAME = "$(TARGET_NAME)";
				TEST_HOST = "$(BUILT_PRODUCTS_DIR)/MyLocation.app/MyLocation";
			};
			name = Release;
		};
/* End XCBuildConfiguration section */

/* Begin XCConfigurationList section */
		B4F042F31A3D0AE0009E47EA /* Build configuration list for PBXProject "MyLocation" */ = {
			isa = XCConfigurationList;
			buildConfigurations = (
				B4F043151A3D0AE1009E47EA /* Debug */,
				B4F043161A3D0AE1009E47EA /* Release */,
			);
			defaultConfigurationIsVisible = 0;
			defaultConfigurationName = Release;
		};
		B4F043171A3D0AE1009E47EA /* Build configuration list for PBXNativeTarget "MyLocation" */ = {
			isa = XCConfigurationList;
			buildConfigurations = (
				B4F043181A3D0AE1009E47EA /* Debug */,
				B4F043191A3D0AE1009E47EA /* Release */,
			);
			defaultConfigurationIsVisible = 0;
		};
		B4F0431A1A3D0AE1009E47EA /* Build configuration list for PBXNativeTarget "MyLocationTests" */ = {
			isa = XCConfigurationList;
			buildConfigurations = (
				B4F0431B1A3D0AE1009E47EA /* Debug */,
				B4F0431C1A3D0AE1009E47EA /* Release */,
			);
			defaultConfigurationIsVisible = 0;
		};
/* End XCConfigurationList section */
	};
	rootObject = B4F042F01A3D0AE0009E47EA /* Project object */;
}
